
Microsoft Visual Studio Solution File, Format Version 12.00
# Visual Studio Version 17
VisualStudioVersion = 17.1.32319.34
MinimumVisualStudioVersion = 10.0.40219.1
Project("{FAE04EC0-301F-11D3-BF4B-00C04F79EFBC}") = "httpclient-stack-sample", "httpclient-stack-sample\httpclient-stack-sample.csproj", "{9BB9209B-F6CE-473F-A0CB-4AFFEF2C05CF}"
EndProject
Global
	GlobalSection(SolutionConfigurationPlatforms) = preSolution
		Debug|Any CPU = Debug|Any CPU
		Release|Any CPU = Release|Any CPU
	EndGlobalSection
	GlobalSection(ProjectConfigurationPlatforms) = postSolution
		{9BB9209B-F6CE-473F-A0CB-4AFFEF2C05CF}.Debug|Any CPU.ActiveCfg = Debug|Any CPU
		{9BB9209B-F6CE-473F-A0CB-4AFFEF2C05CF}.Debug|Any CPU.Build.0 = Debug|Any CPU
		{9BB9209B-F6CE-473F-A0CB-4AFFEF2C05CF}.Release|Any CPU.ActiveCfg = Release|Any CPU
		{9BB9209B-F6CE-473F-A0CB-4AFFEF2C05CF}.Release|Any CPU.Build.0 = Release|Any CPU
	EndGlobalSection
	GlobalSection(SolutionProperties) = preSolution
		HideSolutionNode = FALSE
	EndGlobalSection
	GlobalSection(ExtensibilityGlobals) = postSolution
		SolutionGuid = {F276D2CB-F3F1-4D9A-9A55-6AFFCF5FF7C2}
	EndGlobalSection
EndGlobal
